
Microsoft Visual Studio Solution File, Format Version 12.00
# Visual Studio Version 17
VisualStudioVersion = 17.4.33213.308
MinimumVisualStudioVersion = 10.0.40219.1
Project("{FAE04EC0-301F-11D3-BF4B-00C04F79EFBC}") = "DemoOnion", "DemoOnion\DemoOnion.csproj", "{9E0C1793-A0B9-4F96-9435-3CB8D0D7FDBE}"
EndProject
Project("{FAE04EC0-301F-11D3-BF4B-00C04F79EFBC}") = "Domain", "Domain\Domain.csproj", "{B09D7D87-086D-4075-9819-3D3A4ED357E3}"
EndProject
Project("{FAE04EC0-301F-11D3-BF4B-00C04F79EFBC}") = "Application", "Application\Application.csproj", "{F3D9969C-7D25-439E-AB7D-8A5E97F4946D}"
EndProject
Project("{FAE04EC0-301F-11D3-BF4B-00C04F79EFBC}") = "Infrastructure", "Infrastructure\Infrastructure.csproj", "{4E4B8DC5-4AEC-4BD8-9D57-B864BDAC5B72}"
EndProject
Global
	GlobalSection(SolutionConfigurationPlatforms) = preSolution
		Debug|Any CPU = Debug|Any CPU
		Release|Any CPU = Release|Any CPU
	EndGlobalSection
	GlobalSection(ProjectConfigurationPlatforms) = postSolution
		{9E0C1793-A0B9-4F96-9435-3CB8D0D7FDBE}.Debug|Any CPU.ActiveCfg = Debug|Any CPU
		{9E0C1793-A0B9-4F96-9435-3CB8D0D7FDBE}.Debug|Any CPU.Build.0 = Debug|Any CPU
		{9E0C1793-A0B9-4F96-9435-3CB8D0D7FDBE}.Release|Any CPU.ActiveCfg = Release|Any CPU
		{9E0C1793-A0B9-4F96-9435-3CB8D0D7FDBE}.Release|Any CPU.Build.0 = Release|Any CPU
		{B09D7D87-086D-4075-9819-3D3A4ED357E3}.Debug|Any CPU.ActiveCfg = Debug|Any CPU
		{B09D7D87-086D-4075-9819-3D3A4ED357E3}.Debug|Any CPU.Build.0 = Debug|Any CPU
		{B09D7D87-086D-4075-9819-3D3A4ED357E3}.Release|Any CPU.ActiveCfg = Release|Any CPU
		{B09D7D87-086D-4075-9819-3D3A4ED357E3}.Release|Any CPU.Build.0 = Release|Any CPU
		{F3D9969C-7D25-439E-AB7D-8A5E97F4946D}.Debug|Any CPU.ActiveCfg = Debug|Any CPU
		{F3D9969C-7D25-439E-AB7D-8A5E97F4946D}.Debug|Any CPU.Build.0 = Debug|Any CPU
		{F3D9969C-7D25-439E-AB7D-8A5E97F4946D}.Release|Any CPU.ActiveCfg = Release|Any CPU
		{F3D9969C-7D25-439E-AB7D-8A5E97F4946D}.Release|Any CPU.Build.0 = Release|Any CPU
		{4E4B8DC5-4AEC-4BD8-9D57-B864BDAC5B72}.Debug|Any CPU.ActiveCfg = Debug|Any CPU
		{4E4B8DC5-4AEC-4BD8-9D57-B864BDAC5B72}.Debug|Any CPU.Build.0 = Debug|Any CPU
		{4E4B8DC5-4AEC-4BD8-9D57-B864BDAC5B72}.Release|Any CPU.ActiveCfg = Release|Any CPU
		{4E4B8DC5-4AEC-4BD8-9D57-B864BDAC5B72}.Release|Any CPU.Build.0 = Release|Any CPU
	EndGlobalSection
	GlobalSection(SolutionProperties) = preSolution
		HideSolutionNode = FALSE
	EndGlobalSection
	GlobalSection(ExtensibilityGlobals) = postSolution
		SolutionGuid = {12CB2B78-2329-4F4F-A1EE-01777FA85732}
	EndGlobalSection
EndGlobal
